
Microsoft Visual Studio Solution File, Format Version 12.00
# Visual Studio Version 17
VisualStudioVersion = 17.8.34330.188
MinimumVisualStudioVersion = 10.0.40219.1
Project("{FAE04EC0-301F-11D3-BF4B-00C04F79EFBC}") = "TurnBasedGame", "TurnBasedGame\TurnBasedGame.csproj", "{81016342-CC12-4638-98E9-2470AB4A1866}"
EndProject
Global
	GlobalSection(SolutionConfigurationPlatforms) = preSolution
		Debug|Any CPU = Debug|Any CPU
		Release|Any CPU = Release|Any CPU
	EndGlobalSection
	GlobalSection(ProjectConfigurationPlatforms) = postSolution
		{81016342-CC12-4638-98E9-2470AB4A1866}.Debug|Any CPU.ActiveCfg = Debug|Any CPU
		{81016342-CC12-4638-98E9-2470AB4A1866}.Debug|Any CPU.Build.0 = Debug|Any CPU
		{81016342-CC12-4638-98E9-2470AB4A1866}.Release|Any CPU.ActiveCfg = Release|Any CPU
		{81016342-CC12-4638-98E9-2470AB4A1866}.Release|Any CPU.Build.0 = Release|Any CPU
	EndGlobalSection
	GlobalSection(SolutionProperties) = preSolution
		HideSolutionNode = FALSE
	EndGlobalSection
	GlobalSection(ExtensibilityGlobals) = postSolution
		SolutionGuid = {E763BE2D-B397-41FE-A02D-31820D24664F}
	EndGlobalSection
EndGlobal
